
Microsoft Visual Studio Solution File, Format Version 12.00
# Visual Studio Version 16
VisualStudioVersion = 16.0.32407.337
MinimumVisualStudioVersion = 10.0.40219.1
Project("{FAE04EC0-301F-11D3-BF4B-00C04F79EFBC}") = "BusinessLayer", "BusinessLayer\BusinessLayer.csproj", "{7C358F15-ADE4-4163-841B-9FBC7B17DF8B}"
EndProject
Project("{FAE04EC0-301F-11D3-BF4B-00C04F79EFBC}") = "DataLayer", "DataLayer\DataLayer.csproj", "{A07402D1-0C7B-430A-9649-7E63FC8C8F03}"
EndProject
Project("{FAE04EC0-301F-11D3-BF4B-00C04F79EFBC}") = "PL", "PL\PL.csproj", "{90805D3E-CE11-477A-B462-98938FAB951F}"
EndProject
Project("{FAE04EC0-301F-11D3-BF4B-00C04F79EFBC}") = "Common", "Common\Common.csproj", "{D23223B6-9329-464C-A68C-280056520590}"
EndProject
Project("{FAE04EC0-301F-11D3-BF4B-00C04F79EFBC}") = "DIXON", "DIXON\DIXON.csproj", "{6BD08288-8283-437B-9621-4911D724286E}"
EndProject
Global
	GlobalSection(SolutionConfigurationPlatforms) = preSolution
		Debug|Any CPU = Debug|Any CPU
		Release|Any CPU = Release|Any CPU
	EndGlobalSection
	GlobalSection(ProjectConfigurationPlatforms) = postSolution
		{7C358F15-ADE4-4163-841B-9FBC7B17DF8B}.Debug|Any CPU.ActiveCfg = Debug|Any CPU
		{7C358F15-ADE4-4163-841B-9FBC7B17DF8B}.Debug|Any CPU.Build.0 = Debug|Any CPU
		{7C358F15-ADE4-4163-841B-9FBC7B17DF8B}.Release|Any CPU.ActiveCfg = Release|Any CPU
		{7C358F15-ADE4-4163-841B-9FBC7B17DF8B}.Release|Any CPU.Build.0 = Release|Any CPU
		{A07402D1-0C7B-430A-9649-7E63FC8C8F03}.Debug|Any CPU.ActiveCfg = Debug|Any CPU
		{A07402D1-0C7B-430A-9649-7E63FC8C8F03}.Debug|Any CPU.Build.0 = Debug|Any CPU
		{A07402D1-0C7B-430A-9649-7E63FC8C8F03}.Release|Any CPU.ActiveCfg = Release|Any CPU
		{A07402D1-0C7B-430A-9649-7E63FC8C8F03}.Release|Any CPU.Build.0 = Release|Any CPU
		{90805D3E-CE11-477A-B462-98938FAB951F}.Debug|Any CPU.ActiveCfg = Debug|Any CPU
		{90805D3E-CE11-477A-B462-98938FAB951F}.Debug|Any CPU.Build.0 = Debug|Any CPU
		{90805D3E-CE11-477A-B462-98938FAB951F}.Release|Any CPU.ActiveCfg = Release|Any CPU
		{90805D3E-CE11-477A-B462-98938FAB951F}.Release|Any CPU.Build.0 = Release|Any CPU
		{D23223B6-9329-464C-A68C-280056520590}.Debug|Any CPU.ActiveCfg = Debug|Any CPU
		{D23223B6-9329-464C-A68C-280056520590}.Debug|Any CPU.Build.0 = Debug|Any CPU
		{D23223B6-9329-464C-A68C-280056520590}.Release|Any CPU.ActiveCfg = Release|Any CPU
		{D23223B6-9329-464C-A68C-280056520590}.Release|Any CPU.Build.0 = Release|Any CPU
		{6BD08288-8283-437B-9621-4911D724286E}.Debug|Any CPU.ActiveCfg = Debug|Any CPU
		{6BD08288-8283-437B-9621-4911D724286E}.Debug|Any CPU.Build.0 = Debug|Any CPU
		{6BD08288-8283-437B-9621-4911D724286E}.Release|Any CPU.ActiveCfg = Release|Any CPU
		{6BD08288-8283-437B-9621-4911D724286E}.Release|Any CPU.Build.0 = Release|Any CPU
	EndGlobalSection
	GlobalSection(SolutionProperties) = preSolution
		HideSolutionNode = FALSE
	EndGlobalSection
	GlobalSection(ExtensibilityGlobals) = postSolution
		SolutionGuid = {8126B1DD-DEAE-4163-A881-FCBBB46BEF79}
	EndGlobalSection
EndGlobal
